
Microsoft Visual Studio Solution File, Format Version 12.00
# Visual Studio Version 16
VisualStudioVersion = 16.0.29509.3
MinimumVisualStudioVersion = 10.0.40219.1
Project("{8BC9CEB8-8B4A-11D0-8D11-00A0C91BC942}") = "Execise6", "Execise6\Execise6.vcxproj", "{AEB8CE4A-EDC7-47DF-9E7F-7B1382957E05}"
EndProject
Global
	GlobalSection(SolutionConfigurationPlatforms) = preSolution
		Debug|x64 = Debug|x64
		Debug|x86 = Debug|x86
		Release|x64 = Release|x64
		Release|x86 = Release|x86
	EndGlobalSection
	GlobalSection(ProjectConfigurationPlatforms) = postSolution
		{AEB8CE4A-EDC7-47DF-9E7F-7B1382957E05}.Debug|x64.ActiveCfg = Debug|x64
		{AEB8CE4A-EDC7-47DF-9E7F-7B1382957E05}.Debug|x64.Build.0 = Debug|x64
		{AEB8CE4A-EDC7-47DF-9E7F-7B1382957E05}.Debug|x86.ActiveCfg = Debug|Win32
		{AEB8CE4A-EDC7-47DF-9E7F-7B1382957E05}.Debug|x86.Build.0 = Debug|Win32
		{AEB8CE4A-EDC7-47DF-9E7F-7B1382957E05}.Release|x64.ActiveCfg = Release|x64
		{AEB8CE4A-EDC7-47DF-9E7F-7B1382957E05}.Release|x64.Build.0 = Release|x64
		{AEB8CE4A-EDC7-47DF-9E7F-7B1382957E05}.Release|x86.ActiveCfg = Release|Win32
		{AEB8CE4A-EDC7-47DF-9E7F-7B1382957E05}.Release|x86.Build.0 = Release|Win32
	EndGlobalSection
	GlobalSection(SolutionProperties) = preSolution
		HideSolutionNode = FALSE
	EndGlobalSection
	GlobalSection(ExtensibilityGlobals) = postSolution
		SolutionGuid = {D096C08C-5A81-4721-8200-268D0DB92782}
	EndGlobalSection
EndGlobal
